
Microsoft Visual Studio Solution File, Format Version 12.00
# Visual Studio Version 16
VisualStudioVersion = 16.0.30717.126
MinimumVisualStudioVersion = 10.0.40219.1
Project("{FAE04EC0-301F-11D3-BF4B-00C04F79EFBC}") = "MRS UĞRAŞTIĞIN İLK OYUN", "MRS UĞRAŞTIĞIN İLK OYUN\MRS UĞRAŞTIĞIN İLK OYUN.csproj", "{118BDF62-5DBF-4A86-9FEC-5B7399A3601F}"
EndProject
Global
	GlobalSection(SolutionConfigurationPlatforms) = preSolution
		Debug|Any CPU = Debug|Any CPU
		Release|Any CPU = Release|Any CPU
	EndGlobalSection
	GlobalSection(ProjectConfigurationPlatforms) = postSolution
		{118BDF62-5DBF-4A86-9FEC-5B7399A3601F}.Debug|Any CPU.ActiveCfg = Debug|Any CPU
		{118BDF62-5DBF-4A86-9FEC-5B7399A3601F}.Debug|Any CPU.Build.0 = Debug|Any CPU
		{118BDF62-5DBF-4A86-9FEC-5B7399A3601F}.Release|Any CPU.ActiveCfg = Release|Any CPU
		{118BDF62-5DBF-4A86-9FEC-5B7399A3601F}.Release|Any CPU.Build.0 = Release|Any CPU
	EndGlobalSection
	GlobalSection(SolutionProperties) = preSolution
		HideSolutionNode = FALSE
	EndGlobalSection
	GlobalSection(ExtensibilityGlobals) = postSolution
		SolutionGuid = {033ED5DD-FAA4-4CAF-B8A9-2BBC7C41E5E0}
	EndGlobalSection
EndGlobal
